
Microsoft Visual Studio Solution File, Format Version 12.00
# Visual Studio Version 16
VisualStudioVersion = 16.0.32228.343
MinimumVisualStudioVersion = 10.0.40219.1
Project("{FAE04EC0-301F-11D3-BF4B-00C04F79EFBC}") = "PracticalAssignment1_2019008768", "PracticalAssignment1_2019008768.csproj", "{DC44B357-74B7-4203-9A59-4D8002B68DB7}"
EndProject
Global
	GlobalSection(SolutionConfigurationPlatforms) = preSolution
		Debug|Any CPU = Debug|Any CPU
		Release|Any CPU = Release|Any CPU
	EndGlobalSection
	GlobalSection(ProjectConfigurationPlatforms) = postSolution
		{DC44B357-74B7-4203-9A59-4D8002B68DB7}.Debug|Any CPU.ActiveCfg = Debug|Any CPU
		{DC44B357-74B7-4203-9A59-4D8002B68DB7}.Debug|Any CPU.Build.0 = Debug|Any CPU
		{DC44B357-74B7-4203-9A59-4D8002B68DB7}.Release|Any CPU.ActiveCfg = Release|Any CPU
		{DC44B357-74B7-4203-9A59-4D8002B68DB7}.Release|Any CPU.Build.0 = Release|Any CPU
	EndGlobalSection
	GlobalSection(SolutionProperties) = preSolution
		HideSolutionNode = FALSE
	EndGlobalSection
	GlobalSection(ExtensibilityGlobals) = postSolution
		SolutionGuid = {617FC468-6B73-4B14-95F1-B64D30B8F20A}
	EndGlobalSection
EndGlobal
